
Microsoft Visual Studio Solution File, Format Version 12.00
# Visual Studio Version 16
VisualStudioVersion = 16.0.29209.152
MinimumVisualStudioVersion = 10.0.40219.1
Project("{FAE04EC0-301F-11D3-BF4B-00C04F79EFBC}") = "Model", "Model\Model.csproj", "{45B318B6-0A30-4E67-BFF2-0DDB4470D6FB}"
EndProject
Global
	GlobalSection(SolutionConfigurationPlatforms) = preSolution
		Debug|Any CPU = Debug|Any CPU
		Release|Any CPU = Release|Any CPU
	EndGlobalSection
	GlobalSection(ProjectConfigurationPlatforms) = postSolution
		{45B318B6-0A30-4E67-BFF2-0DDB4470D6FB}.Debug|Any CPU.ActiveCfg = Debug|Any CPU
		{45B318B6-0A30-4E67-BFF2-0DDB4470D6FB}.Debug|Any CPU.Build.0 = Debug|Any CPU
		{45B318B6-0A30-4E67-BFF2-0DDB4470D6FB}.Release|Any CPU.ActiveCfg = Release|Any CPU
		{45B318B6-0A30-4E67-BFF2-0DDB4470D6FB}.Release|Any CPU.Build.0 = Release|Any CPU
	EndGlobalSection
	GlobalSection(SolutionProperties) = preSolution
		HideSolutionNode = FALSE
	EndGlobalSection
	GlobalSection(ExtensibilityGlobals) = postSolution
		SolutionGuid = {E7E7B673-4ABA-4510-95C0-40F61F574713}
	EndGlobalSection
EndGlobal
