
Microsoft Visual Studio Solution File, Format Version 12.00
# Visual Studio Version 16
VisualStudioVersion = 16.0.30204.135
MinimumVisualStudioVersion = 10.0.40219.1
Project("{FAE04EC0-301F-11D3-BF4B-00C04F79EFBC}") = "StartUpDemo", "StartUpDemo\StartUpDemo.csproj", "{5CEE4918-4325-4873-8951-407983F4FC41}"
EndProject
Global
	GlobalSection(SolutionConfigurationPlatforms) = preSolution
		Debug|Any CPU = Debug|Any CPU
		Release|Any CPU = Release|Any CPU
	EndGlobalSection
	GlobalSection(ProjectConfigurationPlatforms) = postSolution
		{5CEE4918-4325-4873-8951-407983F4FC41}.Debug|Any CPU.ActiveCfg = Debug|Any CPU
		{5CEE4918-4325-4873-8951-407983F4FC41}.Debug|Any CPU.Build.0 = Debug|Any CPU
		{5CEE4918-4325-4873-8951-407983F4FC41}.Release|Any CPU.ActiveCfg = Release|Any CPU
		{5CEE4918-4325-4873-8951-407983F4FC41}.Release|Any CPU.Build.0 = Release|Any CPU
	EndGlobalSection
	GlobalSection(SolutionProperties) = preSolution
		HideSolutionNode = FALSE
	EndGlobalSection
	GlobalSection(ExtensibilityGlobals) = postSolution
		SolutionGuid = {6E1F95E7-FF5E-4931-9419-B2D419A11959}
	EndGlobalSection
EndGlobal
