
Microsoft Visual Studio Solution File, Format Version 12.00
# Visual Studio Version 16
VisualStudioVersion = 16.0.30225.117
MinimumVisualStudioVersion = 10.0.40219.1
Project("{FAE04EC0-301F-11D3-BF4B-00C04F79EFBC}") = "Jwt.Demo.MS", "Jwt.Demo.MS\Jwt.Demo.MS.csproj", "{022878D1-A241-43E5-9FF8-17755FD4ABC9}"
EndProject
Global
	GlobalSection(SolutionConfigurationPlatforms) = preSolution
		Debug|Any CPU = Debug|Any CPU
		Release|Any CPU = Release|Any CPU
	EndGlobalSection
	GlobalSection(ProjectConfigurationPlatforms) = postSolution
		{022878D1-A241-43E5-9FF8-17755FD4ABC9}.Debug|Any CPU.ActiveCfg = Debug|Any CPU
		{022878D1-A241-43E5-9FF8-17755FD4ABC9}.Debug|Any CPU.Build.0 = Debug|Any CPU
		{022878D1-A241-43E5-9FF8-17755FD4ABC9}.Release|Any CPU.ActiveCfg = Release|Any CPU
		{022878D1-A241-43E5-9FF8-17755FD4ABC9}.Release|Any CPU.Build.0 = Release|Any CPU
	EndGlobalSection
	GlobalSection(SolutionProperties) = preSolution
		HideSolutionNode = FALSE
	EndGlobalSection
	GlobalSection(ExtensibilityGlobals) = postSolution
		SolutionGuid = {D121E1CD-FCF1-4BDC-90F3-D21AC37133F1}
	EndGlobalSection
EndGlobal
