
Microsoft Visual Studio Solution File, Format Version 12.00
# Visual Studio Version 16
VisualStudioVersion = 16.0.29324.140
MinimumVisualStudioVersion = 10.0.40219.1
Project("{9A19103F-16F7-4668-BE54-9A1E7A4F7556}") = "DemoList", "DemoList\DemoList.csproj", "{4CC502B1-5D0C-47A1-8D7E-64420F30FB40}"
EndProject
Project("{9A19103F-16F7-4668-BE54-9A1E7A4F7556}") = "MailKitDemo", "MailKitDemo\MailKitDemo.csproj", "{E2BE4587-1BD7-4B8E-9D99-3B25E71AADE9}"
EndProject
Project("{9A19103F-16F7-4668-BE54-9A1E7A4F7556}") = "AutoMapperDemo", "AutoMapperDemo\AutoMapperDemo.csproj", "{9C7EDB04-293C-405F-AE94-87B6DA6C163F}"
EndProject
Project("{9A19103F-16F7-4668-BE54-9A1E7A4F7556}") = "Raikay.Demo.MSJwt", "Raikay.Demo.MSJwt\Raikay.Demo.MSJwt.csproj", "{72F1171E-524F-4B84-BED6-D064953B2523}"
EndProject
Project("{FAE04EC0-301F-11D3-BF4B-00C04F79EFBC}") = "MsJwtDemoNew", "MsJwtDemoNew\MsJwtDemoNew.csproj", "{4DE3B0EC-3231-4EAF-9B3E-B730C7D60421}"
EndProject
Global
	GlobalSection(SolutionConfigurationPlatforms) = preSolution
		Debug|Any CPU = Debug|Any CPU
		Release|Any CPU = Release|Any CPU
	EndGlobalSection
	GlobalSection(ProjectConfigurationPlatforms) = postSolution
		{4CC502B1-5D0C-47A1-8D7E-64420F30FB40}.Debug|Any CPU.ActiveCfg = Debug|Any CPU
		{4CC502B1-5D0C-47A1-8D7E-64420F30FB40}.Debug|Any CPU.Build.0 = Debug|Any CPU
		{4CC502B1-5D0C-47A1-8D7E-64420F30FB40}.Release|Any CPU.ActiveCfg = Release|Any CPU
		{4CC502B1-5D0C-47A1-8D7E-64420F30FB40}.Release|Any CPU.Build.0 = Release|Any CPU
		{E2BE4587-1BD7-4B8E-9D99-3B25E71AADE9}.Debug|Any CPU.ActiveCfg = Debug|Any CPU
		{E2BE4587-1BD7-4B8E-9D99-3B25E71AADE9}.Debug|Any CPU.Build.0 = Debug|Any CPU
		{E2BE4587-1BD7-4B8E-9D99-3B25E71AADE9}.Release|Any CPU.ActiveCfg = Release|Any CPU
		{E2BE4587-1BD7-4B8E-9D99-3B25E71AADE9}.Release|Any CPU.Build.0 = Release|Any CPU
		{9C7EDB04-293C-405F-AE94-87B6DA6C163F}.Debug|Any CPU.ActiveCfg = Debug|Any CPU
		{9C7EDB04-293C-405F-AE94-87B6DA6C163F}.Debug|Any CPU.Build.0 = Debug|Any CPU
		{9C7EDB04-293C-405F-AE94-87B6DA6C163F}.Release|Any CPU.ActiveCfg = Release|Any CPU
		{9C7EDB04-293C-405F-AE94-87B6DA6C163F}.Release|Any CPU.Build.0 = Release|Any CPU
		{72F1171E-524F-4B84-BED6-D064953B2523}.Debug|Any CPU.ActiveCfg = Debug|Any CPU
		{72F1171E-524F-4B84-BED6-D064953B2523}.Debug|Any CPU.Build.0 = Debug|Any CPU
		{72F1171E-524F-4B84-BED6-D064953B2523}.Release|Any CPU.ActiveCfg = Release|Any CPU
		{72F1171E-524F-4B84-BED6-D064953B2523}.Release|Any CPU.Build.0 = Release|Any CPU
		{4DE3B0EC-3231-4EAF-9B3E-B730C7D60421}.Debug|Any CPU.ActiveCfg = Debug|Any CPU
		{4DE3B0EC-3231-4EAF-9B3E-B730C7D60421}.Debug|Any CPU.Build.0 = Debug|Any CPU
		{4DE3B0EC-3231-4EAF-9B3E-B730C7D60421}.Release|Any CPU.ActiveCfg = Release|Any CPU
		{4DE3B0EC-3231-4EAF-9B3E-B730C7D60421}.Release|Any CPU.Build.0 = Release|Any CPU
	EndGlobalSection
	GlobalSection(SolutionProperties) = preSolution
		HideSolutionNode = FALSE
	EndGlobalSection
	GlobalSection(ExtensibilityGlobals) = postSolution
		SolutionGuid = {3A767CC9-F174-476F-937E-85ABC13B25CE}
	EndGlobalSection
EndGlobal
