
Microsoft Visual Studio Solution File, Format Version 12.00
# Visual Studio Version 16
VisualStudioVersion = 16.0.30204.135
MinimumVisualStudioVersion = 10.0.40219.1
Project("{FAE04EC0-301F-11D3-BF4B-00C04F79EFBC}") = "SSO.ClientA", "SSO.ClientA\SSO.ClientA.csproj", "{6B657B2D-375E-4D0B-AAAE-D1BA20FA1ED4}"
EndProject
Project("{FAE04EC0-301F-11D3-BF4B-00C04F79EFBC}") = "SSO.ClientB", "SSO.ClientB\SSO.ClientB.csproj", "{0F2025BE-A5B0-4B8C-BDBE-92A3E1A255CF}"
EndProject
Project("{FAE04EC0-301F-11D3-BF4B-00C04F79EFBC}") = "SSO.Server", "SSO.Server\SSO.Server.csproj", "{6D422286-83E7-4B94-9488-7D133C03F476}"
EndProject
Global
	GlobalSection(SolutionConfigurationPlatforms) = preSolution
		Debug|Any CPU = Debug|Any CPU
		Release|Any CPU = Release|Any CPU
	EndGlobalSection
	GlobalSection(ProjectConfigurationPlatforms) = postSolution
		{6B657B2D-375E-4D0B-AAAE-D1BA20FA1ED4}.Debug|Any CPU.ActiveCfg = Debug|Any CPU
		{6B657B2D-375E-4D0B-AAAE-D1BA20FA1ED4}.Debug|Any CPU.Build.0 = Debug|Any CPU
		{6B657B2D-375E-4D0B-AAAE-D1BA20FA1ED4}.Release|Any CPU.ActiveCfg = Release|Any CPU
		{6B657B2D-375E-4D0B-AAAE-D1BA20FA1ED4}.Release|Any CPU.Build.0 = Release|Any CPU
		{0F2025BE-A5B0-4B8C-BDBE-92A3E1A255CF}.Debug|Any CPU.ActiveCfg = Debug|Any CPU
		{0F2025BE-A5B0-4B8C-BDBE-92A3E1A255CF}.Debug|Any CPU.Build.0 = Debug|Any CPU
		{0F2025BE-A5B0-4B8C-BDBE-92A3E1A255CF}.Release|Any CPU.ActiveCfg = Release|Any CPU
		{0F2025BE-A5B0-4B8C-BDBE-92A3E1A255CF}.Release|Any CPU.Build.0 = Release|Any CPU
		{6D422286-83E7-4B94-9488-7D133C03F476}.Debug|Any CPU.ActiveCfg = Debug|Any CPU
		{6D422286-83E7-4B94-9488-7D133C03F476}.Debug|Any CPU.Build.0 = Debug|Any CPU
		{6D422286-83E7-4B94-9488-7D133C03F476}.Release|Any CPU.ActiveCfg = Release|Any CPU
		{6D422286-83E7-4B94-9488-7D133C03F476}.Release|Any CPU.Build.0 = Release|Any CPU
	EndGlobalSection
	GlobalSection(SolutionProperties) = preSolution
		HideSolutionNode = FALSE
	EndGlobalSection
	GlobalSection(ExtensibilityGlobals) = postSolution
		SolutionGuid = {9D4CE9C7-47E5-4700-AAC4-1E710A073DF3}
	EndGlobalSection
EndGlobal
