
Microsoft Visual Studio Solution File, Format Version 12.00
# Visual Studio Version 16
VisualStudioVersion = 16.0.29123.88
MinimumVisualStudioVersion = 10.0.40219.1
Project("{FAE04EC0-301F-11D3-BF4B-00C04F79EFBC}") = "AutofacDemo", "AutofacDemo\AutofacDemo.csproj", "{BB8874B0-104A-4755-9DFE-2EA835F4DD74}"
EndProject
Project("{FAE04EC0-301F-11D3-BF4B-00C04F79EFBC}") = "AutofacDemo.Service", "AutofacDemo.Service\AutofacDemo.Service.csproj", "{B9B9589D-EC1E-44B0-A8F0-C9158E351AE4}"
EndProject
Global
	GlobalSection(SolutionConfigurationPlatforms) = preSolution
		Debug|Any CPU = Debug|Any CPU
		Release|Any CPU = Release|Any CPU
	EndGlobalSection
	GlobalSection(ProjectConfigurationPlatforms) = postSolution
		{BB8874B0-104A-4755-9DFE-2EA835F4DD74}.Debug|Any CPU.ActiveCfg = Debug|Any CPU
		{BB8874B0-104A-4755-9DFE-2EA835F4DD74}.Debug|Any CPU.Build.0 = Debug|Any CPU
		{BB8874B0-104A-4755-9DFE-2EA835F4DD74}.Release|Any CPU.ActiveCfg = Release|Any CPU
		{BB8874B0-104A-4755-9DFE-2EA835F4DD74}.Release|Any CPU.Build.0 = Release|Any CPU
		{B9B9589D-EC1E-44B0-A8F0-C9158E351AE4}.Debug|Any CPU.ActiveCfg = Debug|Any CPU
		{B9B9589D-EC1E-44B0-A8F0-C9158E351AE4}.Debug|Any CPU.Build.0 = Debug|Any CPU
		{B9B9589D-EC1E-44B0-A8F0-C9158E351AE4}.Release|Any CPU.ActiveCfg = Release|Any CPU
		{B9B9589D-EC1E-44B0-A8F0-C9158E351AE4}.Release|Any CPU.Build.0 = Release|Any CPU
	EndGlobalSection
	GlobalSection(SolutionProperties) = preSolution
		HideSolutionNode = FALSE
	EndGlobalSection
	GlobalSection(ExtensibilityGlobals) = postSolution
		SolutionGuid = {F21E0A79-DEB9-4175-A059-59EC7505D6E4}
	EndGlobalSection
EndGlobal
