
Microsoft Visual Studio Solution File, Format Version 12.00
# Visual Studio 15
VisualStudioVersion = 15.0.27703.2042
MinimumVisualStudioVersion = 10.0.40219.1
Project("{FAE04EC0-301F-11D3-BF4B-00C04F79EFBC}") = "Lb.BackDb", "Lb.BackDb\Lb.BackDb.csproj", "{9F0DF165-2FEC-4E23-93C5-EDFC46CC4B36}"
EndProject
Project("{FAE04EC0-301F-11D3-BF4B-00C04F79EFBC}") = "Lb.Common", "Lb.Common\Lb.Common.csproj", "{EB722905-678F-4852-A2F7-C0BBA4682787}"
EndProject
Project("{FAE04EC0-301F-11D3-BF4B-00C04F79EFBC}") = "Lb.Tests", "Lb.Tests\Lb.Tests.csproj", "{BCCC9C50-8CB4-48E3-9B58-4B9A01C6DF67}"
EndProject
Global
	GlobalSection(SolutionConfigurationPlatforms) = preSolution
		Debug|Any CPU = Debug|Any CPU
		Release|Any CPU = Release|Any CPU
	EndGlobalSection
	GlobalSection(ProjectConfigurationPlatforms) = postSolution
		{9F0DF165-2FEC-4E23-93C5-EDFC46CC4B36}.Debug|Any CPU.ActiveCfg = Debug|Any CPU
		{9F0DF165-2FEC-4E23-93C5-EDFC46CC4B36}.Debug|Any CPU.Build.0 = Debug|Any CPU
		{9F0DF165-2FEC-4E23-93C5-EDFC46CC4B36}.Release|Any CPU.ActiveCfg = Release|Any CPU
		{9F0DF165-2FEC-4E23-93C5-EDFC46CC4B36}.Release|Any CPU.Build.0 = Release|Any CPU
		{EB722905-678F-4852-A2F7-C0BBA4682787}.Debug|Any CPU.ActiveCfg = Debug|Any CPU
		{EB722905-678F-4852-A2F7-C0BBA4682787}.Debug|Any CPU.Build.0 = Debug|Any CPU
		{EB722905-678F-4852-A2F7-C0BBA4682787}.Release|Any CPU.ActiveCfg = Release|Any CPU
		{EB722905-678F-4852-A2F7-C0BBA4682787}.Release|Any CPU.Build.0 = Release|Any CPU
		{BCCC9C50-8CB4-48E3-9B58-4B9A01C6DF67}.Debug|Any CPU.ActiveCfg = Debug|Any CPU
		{BCCC9C50-8CB4-48E3-9B58-4B9A01C6DF67}.Debug|Any CPU.Build.0 = Debug|Any CPU
		{BCCC9C50-8CB4-48E3-9B58-4B9A01C6DF67}.Release|Any CPU.ActiveCfg = Release|Any CPU
		{BCCC9C50-8CB4-48E3-9B58-4B9A01C6DF67}.Release|Any CPU.Build.0 = Release|Any CPU
	EndGlobalSection
	GlobalSection(SolutionProperties) = preSolution
		HideSolutionNode = FALSE
	EndGlobalSection
	GlobalSection(ExtensibilityGlobals) = postSolution
		SolutionGuid = {3A8B2248-0B43-4EFA-8102-FA6E98F6BFB8}
	EndGlobalSection
EndGlobal
