
Microsoft Visual Studio Solution File, Format Version 12.00
# Visual Studio 15
VisualStudioVersion = 15.0.28307.757
MinimumVisualStudioVersion = 10.0.40219.1
Project("{FAE04EC0-301F-11D3-BF4B-00C04F79EFBC}") = "Npoi.Demo", "Npoi.Demo\Npoi.Demo.csproj", "{00AB482D-27C4-4AA3-BA86-4A3C4BBADEFC}"
EndProject
Global
	GlobalSection(SolutionConfigurationPlatforms) = preSolution
		Debug|Any CPU = Debug|Any CPU
		Release|Any CPU = Release|Any CPU
	EndGlobalSection
	GlobalSection(ProjectConfigurationPlatforms) = postSolution
		{00AB482D-27C4-4AA3-BA86-4A3C4BBADEFC}.Debug|Any CPU.ActiveCfg = Debug|Any CPU
		{00AB482D-27C4-4AA3-BA86-4A3C4BBADEFC}.Debug|Any CPU.Build.0 = Debug|Any CPU
		{00AB482D-27C4-4AA3-BA86-4A3C4BBADEFC}.Release|Any CPU.ActiveCfg = Release|Any CPU
		{00AB482D-27C4-4AA3-BA86-4A3C4BBADEFC}.Release|Any CPU.Build.0 = Release|Any CPU
	EndGlobalSection
	GlobalSection(SolutionProperties) = preSolution
		HideSolutionNode = FALSE
	EndGlobalSection
	GlobalSection(ExtensibilityGlobals) = postSolution
		SolutionGuid = {3613DB71-CC8C-4CD4-907E-608A8F748986}
	EndGlobalSection
EndGlobal
