
Microsoft Visual Studio Solution File, Format Version 12.00
# Visual Studio Version 16
VisualStudioVersion = 16.0.30611.23
MinimumVisualStudioVersion = 10.0.40219.1
Project("{FAE04EC0-301F-11D3-BF4B-00C04F79EFBC}") = "NlogDemo", "NlogDemo\NlogDemo.csproj", "{AA2469FA-2F78-4D46-B1B5-C3C80A255D5F}"
EndProject
Global
	GlobalSection(SolutionConfigurationPlatforms) = preSolution
		Debug|Any CPU = Debug|Any CPU
		Release|Any CPU = Release|Any CPU
	EndGlobalSection
	GlobalSection(ProjectConfigurationPlatforms) = postSolution
		{AA2469FA-2F78-4D46-B1B5-C3C80A255D5F}.Debug|Any CPU.ActiveCfg = Debug|Any CPU
		{AA2469FA-2F78-4D46-B1B5-C3C80A255D5F}.Debug|Any CPU.Build.0 = Debug|Any CPU
		{AA2469FA-2F78-4D46-B1B5-C3C80A255D5F}.Release|Any CPU.ActiveCfg = Release|Any CPU
		{AA2469FA-2F78-4D46-B1B5-C3C80A255D5F}.Release|Any CPU.Build.0 = Release|Any CPU
	EndGlobalSection
	GlobalSection(SolutionProperties) = preSolution
		HideSolutionNode = FALSE
	EndGlobalSection
	GlobalSection(ExtensibilityGlobals) = postSolution
		SolutionGuid = {24C5B62F-64E3-4599-9934-2B3B73D93D42}
	EndGlobalSection
EndGlobal
