
Microsoft Visual Studio Solution File, Format Version 12.00
# Visual Studio Version 17
VisualStudioVersion = 17.0.31919.166
MinimumVisualStudioVersion = 10.0.40219.1
Project("{FAE04EC0-301F-11D3-BF4B-00C04F79EFBC}") = "ElasticsearchWebAPIDemo", "ElasticsearchWebAPIDemo\ElasticsearchWebAPIDemo.csproj", "{68F31B22-D0C6-45C8-8A86-3C2FC1EC10B0}"
EndProject
Project("{2150E333-8FDC-42A3-9474-1A3956D46DE8}") = "Solution Items", "Solution Items", "{AFCF497C-599B-4CFB-98A3-6417D63F876F}"
	ProjectSection(SolutionItems) = preProject
		.editorconfig = .editorconfig
	EndProjectSection
EndProject
Global
	GlobalSection(SolutionConfigurationPlatforms) = preSolution
		Debug|Any CPU = Debug|Any CPU
		Release|Any CPU = Release|Any CPU
	EndGlobalSection
	GlobalSection(ProjectConfigurationPlatforms) = postSolution
		{68F31B22-D0C6-45C8-8A86-3C2FC1EC10B0}.Debug|Any CPU.ActiveCfg = Debug|Any CPU
		{68F31B22-D0C6-45C8-8A86-3C2FC1EC10B0}.Debug|Any CPU.Build.0 = Debug|Any CPU
		{68F31B22-D0C6-45C8-8A86-3C2FC1EC10B0}.Release|Any CPU.ActiveCfg = Release|Any CPU
		{68F31B22-D0C6-45C8-8A86-3C2FC1EC10B0}.Release|Any CPU.Build.0 = Release|Any CPU
	EndGlobalSection
	GlobalSection(SolutionProperties) = preSolution
		HideSolutionNode = FALSE
	EndGlobalSection
	GlobalSection(ExtensibilityGlobals) = postSolution
		SolutionGuid = {40CDB1E5-A44A-4CFB-B0E2-69D8C1C0214F}
	EndGlobalSection
EndGlobal
